
Microsoft Visual Studio Solution File, Format Version 12.00
# Visual Studio 14
VisualStudioVersion = 14.0.25420.1
MinimumVisualStudioVersion = 10.0.40219.1
Project("{D954291E-2A0B-460D-934E-DC6B0785DB48}") = "LibSysInfo", "LibSysInfo.shproj", "{F7EA000D-2B0E-4179-A812-0098F671D919}"
EndProject
Global
	GlobalSection(SharedMSBuildProjectFiles) = preSolution
		LibSysInfo.projitems*{f7ea000d-2b0e-4179-a812-0098f671d919}*SharedItemsImports = 13
	EndGlobalSection
	GlobalSection(SolutionProperties) = preSolution
		HideSolutionNode = FALSE
	EndGlobalSection
EndGlobal
