
Microsoft Visual Studio Solution File, Format Version 12.00
# Visual Studio 15
VisualStudioVersion = 15.0.27130.2024
MinimumVisualStudioVersion = 10.0.40219.1
Project("{FAE04EC0-301F-11D3-BF4B-00C04F79EFBC}") = "WebMvc20", "WebMvc20\WebMvc20.csproj", "{AFF4D126-3BF9-4927-BD7E-E4BF02EBFD7C}"
EndProject
Global
	GlobalSection(SolutionConfigurationPlatforms) = preSolution
		Debug|Any CPU = Debug|Any CPU
		Release|Any CPU = Release|Any CPU
	EndGlobalSection
	GlobalSection(ProjectConfigurationPlatforms) = postSolution
		{AFF4D126-3BF9-4927-BD7E-E4BF02EBFD7C}.Debug|Any CPU.ActiveCfg = Debug|Any CPU
		{AFF4D126-3BF9-4927-BD7E-E4BF02EBFD7C}.Debug|Any CPU.Build.0 = Debug|Any CPU
		{AFF4D126-3BF9-4927-BD7E-E4BF02EBFD7C}.Release|Any CPU.ActiveCfg = Release|Any CPU
		{AFF4D126-3BF9-4927-BD7E-E4BF02EBFD7C}.Release|Any CPU.Build.0 = Release|Any CPU
	EndGlobalSection
	GlobalSection(SolutionProperties) = preSolution
		HideSolutionNode = FALSE
	EndGlobalSection
	GlobalSection(ExtensibilityGlobals) = postSolution
		SolutionGuid = {6E9E45FC-1449-4E24-A905-1AF50FCB3431}
	EndGlobalSection
EndGlobal
