
Microsoft Visual Studio Solution File, Format Version 12.00
# Visual Studio Version 16
VisualStudioVersion = 16.0.32106.194
MinimumVisualStudioVersion = 10.0.40219.1
Project("{FAE04EC0-301F-11D3-BF4B-00C04F79EFBC}") = "TestReadonly", "TestReadonly\TestReadonly.csproj", "{6A8341FA-9AC3-466E-A1E0-CE5EC841543F}"
EndProject
Project("{FAE04EC0-301F-11D3-BF4B-00C04F79EFBC}") = "TestReadonlyLib", "TestReadonlyLib\TestReadonlyLib.csproj", "{9AB3479F-B69E-4A6B-BD0D-D82DF38DC130}"
EndProject
Global
	GlobalSection(SolutionConfigurationPlatforms) = preSolution
		Debug|Any CPU = Debug|Any CPU
		Release|Any CPU = Release|Any CPU
	EndGlobalSection
	GlobalSection(ProjectConfigurationPlatforms) = postSolution
		{6A8341FA-9AC3-466E-A1E0-CE5EC841543F}.Debug|Any CPU.ActiveCfg = Debug|Any CPU
		{6A8341FA-9AC3-466E-A1E0-CE5EC841543F}.Debug|Any CPU.Build.0 = Debug|Any CPU
		{6A8341FA-9AC3-466E-A1E0-CE5EC841543F}.Release|Any CPU.ActiveCfg = Release|Any CPU
		{6A8341FA-9AC3-466E-A1E0-CE5EC841543F}.Release|Any CPU.Build.0 = Release|Any CPU
		{9AB3479F-B69E-4A6B-BD0D-D82DF38DC130}.Debug|Any CPU.ActiveCfg = Debug|Any CPU
		{9AB3479F-B69E-4A6B-BD0D-D82DF38DC130}.Debug|Any CPU.Build.0 = Debug|Any CPU
		{9AB3479F-B69E-4A6B-BD0D-D82DF38DC130}.Release|Any CPU.ActiveCfg = Release|Any CPU
		{9AB3479F-B69E-4A6B-BD0D-D82DF38DC130}.Release|Any CPU.Build.0 = Release|Any CPU
	EndGlobalSection
	GlobalSection(SolutionProperties) = preSolution
		HideSolutionNode = FALSE
	EndGlobalSection
	GlobalSection(ExtensibilityGlobals) = postSolution
		SolutionGuid = {7FBBB120-43C7-49D9-A9A2-07279292919E}
	EndGlobalSection
EndGlobal
