
Microsoft Visual Studio Solution File, Format Version 12.00
# Visual Studio 15
VisualStudioVersion = 15.0.26430.6
MinimumVisualStudioVersion = 10.0.40219.1
Project("{FAE04EC0-301F-11D3-BF4B-00C04F79EFBC}") = "App1", "App1\App1.csproj", "{CE8BACA0-EAA5-4D75-AC50-91E83B7960DF}"
EndProject
Global
	GlobalSection(SolutionConfigurationPlatforms) = preSolution
		Ad-Hoc|iPhone = Ad-Hoc|iPhone
		Ad-Hoc|iPhoneSimulator = Ad-Hoc|iPhoneSimulator
		AppStore|iPhone = AppStore|iPhone
		AppStore|iPhoneSimulator = AppStore|iPhoneSimulator
		Debug|iPhone = Debug|iPhone
		Debug|iPhoneSimulator = Debug|iPhoneSimulator
		Release|iPhone = Release|iPhone
		Release|iPhoneSimulator = Release|iPhoneSimulator
	EndGlobalSection
	GlobalSection(ProjectConfigurationPlatforms) = postSolution
		{CE8BACA0-EAA5-4D75-AC50-91E83B7960DF}.Ad-Hoc|iPhone.ActiveCfg = Ad-Hoc|iPhone
		{CE8BACA0-EAA5-4D75-AC50-91E83B7960DF}.Ad-Hoc|iPhone.Build.0 = Ad-Hoc|iPhone
		{CE8BACA0-EAA5-4D75-AC50-91E83B7960DF}.Ad-Hoc|iPhoneSimulator.ActiveCfg = Ad-Hoc|iPhoneSimulator
		{CE8BACA0-EAA5-4D75-AC50-91E83B7960DF}.Ad-Hoc|iPhoneSimulator.Build.0 = Ad-Hoc|iPhoneSimulator
		{CE8BACA0-EAA5-4D75-AC50-91E83B7960DF}.AppStore|iPhone.ActiveCfg = AppStore|iPhone
		{CE8BACA0-EAA5-4D75-AC50-91E83B7960DF}.AppStore|iPhone.Build.0 = AppStore|iPhone
		{CE8BACA0-EAA5-4D75-AC50-91E83B7960DF}.AppStore|iPhoneSimulator.ActiveCfg = AppStore|iPhoneSimulator
		{CE8BACA0-EAA5-4D75-AC50-91E83B7960DF}.AppStore|iPhoneSimulator.Build.0 = AppStore|iPhoneSimulator
		{CE8BACA0-EAA5-4D75-AC50-91E83B7960DF}.Debug|iPhone.ActiveCfg = Debug|iPhone
		{CE8BACA0-EAA5-4D75-AC50-91E83B7960DF}.Debug|iPhone.Build.0 = Debug|iPhone
		{CE8BACA0-EAA5-4D75-AC50-91E83B7960DF}.Debug|iPhoneSimulator.ActiveCfg = Debug|iPhoneSimulator
		{CE8BACA0-EAA5-4D75-AC50-91E83B7960DF}.Debug|iPhoneSimulator.Build.0 = Debug|iPhoneSimulator
		{CE8BACA0-EAA5-4D75-AC50-91E83B7960DF}.Release|iPhone.ActiveCfg = Release|iPhone
		{CE8BACA0-EAA5-4D75-AC50-91E83B7960DF}.Release|iPhone.Build.0 = Release|iPhone
		{CE8BACA0-EAA5-4D75-AC50-91E83B7960DF}.Release|iPhoneSimulator.ActiveCfg = Release|iPhoneSimulator
		{CE8BACA0-EAA5-4D75-AC50-91E83B7960DF}.Release|iPhoneSimulator.Build.0 = Release|iPhoneSimulator
	EndGlobalSection
	GlobalSection(SolutionProperties) = preSolution
		HideSolutionNode = FALSE
	EndGlobalSection
EndGlobal
