
Microsoft Visual Studio Solution File, Format Version 12.00
# Visual Studio 15
VisualStudioVersion = 15.0.26430.6
MinimumVisualStudioVersion = 10.0.40219.1
Project("{FAE04EC0-301F-11D3-BF4B-00C04F79EFBC}") = "PortableClassLibrary_unsafe", "PortableClassLibrary_unsafe\PortableClassLibrary_unsafe.csproj", "{6442E0C5-6266-484E-90A6-EA7264F539CE}"
EndProject
Global
	GlobalSection(SolutionConfigurationPlatforms) = preSolution
		Debug|Any CPU = Debug|Any CPU
		Release|Any CPU = Release|Any CPU
	EndGlobalSection
	GlobalSection(ProjectConfigurationPlatforms) = postSolution
		{6442E0C5-6266-484E-90A6-EA7264F539CE}.Debug|Any CPU.ActiveCfg = Debug|Any CPU
		{6442E0C5-6266-484E-90A6-EA7264F539CE}.Debug|Any CPU.Build.0 = Debug|Any CPU
		{6442E0C5-6266-484E-90A6-EA7264F539CE}.Release|Any CPU.ActiveCfg = Release|Any CPU
		{6442E0C5-6266-484E-90A6-EA7264F539CE}.Release|Any CPU.Build.0 = Release|Any CPU
	EndGlobalSection
	GlobalSection(SolutionProperties) = preSolution
		HideSolutionNode = FALSE
	EndGlobalSection
EndGlobal
