
Microsoft Visual Studio Solution File, Format Version 12.00
# Visual Studio 15
VisualStudioVersion = 15.0.26430.6
MinimumVisualStudioVersion = 10.0.40219.1
Project("{FAE04EC0-301F-11D3-BF4B-00C04F79EFBC}") = "TVApp1", "TVApp1\TVApp1.csproj", "{1C7B2FB3-6313-42EC-AF2D-547A24A8AD13}"
EndProject
Global
	GlobalSection(SolutionConfigurationPlatforms) = preSolution
		Ad-Hoc|iPhone = Ad-Hoc|iPhone
		Ad-Hoc|iPhoneSimulator = Ad-Hoc|iPhoneSimulator
		AppStore|iPhone = AppStore|iPhone
		AppStore|iPhoneSimulator = AppStore|iPhoneSimulator
		Debug|iPhone = Debug|iPhone
		Debug|iPhoneSimulator = Debug|iPhoneSimulator
		Release|iPhone = Release|iPhone
		Release|iPhoneSimulator = Release|iPhoneSimulator
	EndGlobalSection
	GlobalSection(ProjectConfigurationPlatforms) = postSolution
		{1C7B2FB3-6313-42EC-AF2D-547A24A8AD13}.Ad-Hoc|iPhone.ActiveCfg = Ad-Hoc|iPhone
		{1C7B2FB3-6313-42EC-AF2D-547A24A8AD13}.Ad-Hoc|iPhone.Build.0 = Ad-Hoc|iPhone
		{1C7B2FB3-6313-42EC-AF2D-547A24A8AD13}.Ad-Hoc|iPhoneSimulator.ActiveCfg = Ad-Hoc|iPhoneSimulator
		{1C7B2FB3-6313-42EC-AF2D-547A24A8AD13}.Ad-Hoc|iPhoneSimulator.Build.0 = Ad-Hoc|iPhoneSimulator
		{1C7B2FB3-6313-42EC-AF2D-547A24A8AD13}.AppStore|iPhone.ActiveCfg = AppStore|iPhone
		{1C7B2FB3-6313-42EC-AF2D-547A24A8AD13}.AppStore|iPhone.Build.0 = AppStore|iPhone
		{1C7B2FB3-6313-42EC-AF2D-547A24A8AD13}.AppStore|iPhoneSimulator.ActiveCfg = AppStore|iPhoneSimulator
		{1C7B2FB3-6313-42EC-AF2D-547A24A8AD13}.AppStore|iPhoneSimulator.Build.0 = AppStore|iPhoneSimulator
		{1C7B2FB3-6313-42EC-AF2D-547A24A8AD13}.Debug|iPhone.ActiveCfg = Debug|iPhone
		{1C7B2FB3-6313-42EC-AF2D-547A24A8AD13}.Debug|iPhone.Build.0 = Debug|iPhone
		{1C7B2FB3-6313-42EC-AF2D-547A24A8AD13}.Debug|iPhoneSimulator.ActiveCfg = Debug|iPhoneSimulator
		{1C7B2FB3-6313-42EC-AF2D-547A24A8AD13}.Debug|iPhoneSimulator.Build.0 = Debug|iPhoneSimulator
		{1C7B2FB3-6313-42EC-AF2D-547A24A8AD13}.Release|iPhone.ActiveCfg = Release|iPhone
		{1C7B2FB3-6313-42EC-AF2D-547A24A8AD13}.Release|iPhone.Build.0 = Release|iPhone
		{1C7B2FB3-6313-42EC-AF2D-547A24A8AD13}.Release|iPhoneSimulator.ActiveCfg = Release|iPhoneSimulator
		{1C7B2FB3-6313-42EC-AF2D-547A24A8AD13}.Release|iPhoneSimulator.Build.0 = Release|iPhoneSimulator
	EndGlobalSection
	GlobalSection(SolutionProperties) = preSolution
		HideSolutionNode = FALSE
	EndGlobalSection
EndGlobal
