
Microsoft Visual Studio Solution File, Format Version 12.00
# Visual Studio 14
VisualStudioVersion = 14.0.25420.1
MinimumVisualStudioVersion = 10.0.40219.1
Project("{D954291E-2A0B-460D-934E-DC6B0785DB48}") = "LibSharedUtil_2015", "LibSharedUtil_2015.shproj", "{6D86924A-DCCB-4FDC-A1AF-433F0C4A438C}"
EndProject
Global
	GlobalSection(SharedMSBuildProjectFiles) = preSolution
		LibSharedUtil_2015.projitems*{6d86924a-dccb-4fdc-a1af-433f0c4a438c}*SharedItemsImports = 13
	EndGlobalSection
	GlobalSection(SolutionProperties) = preSolution
		HideSolutionNode = FALSE
	EndGlobalSection
EndGlobal
