
Microsoft Visual Studio Solution File, Format Version 12.00
# Visual Studio 15
VisualStudioVersion = 15.0.26430.6
MinimumVisualStudioVersion = 10.0.40219.1
Project("{D954291E-2A0B-460D-934E-DC6B0785DB48}") = "LibSharedUtil_2017", "LibSharedUtil_2017.shproj", "{B174ECD5-CB6A-42F4-ACF9-F2CB062008DE}"
EndProject
Global
	GlobalSection(SharedMSBuildProjectFiles) = preSolution
		LibSharedUtil_2017.projitems*{b174ecd5-cb6a-42f4-acf9-f2cb062008de}*SharedItemsImports = 13
	EndGlobalSection
	GlobalSection(SolutionProperties) = preSolution
		HideSolutionNode = FALSE
	EndGlobalSection
EndGlobal
