
Microsoft Visual Studio Solution File, Format Version 12.00
# Visual Studio 15
VisualStudioVersion = 15.0.27130.2024
MinimumVisualStudioVersion = 10.0.40219.1
Project("{FAE04EC0-301F-11D3-BF4B-00C04F79EFBC}") = "WebApi20", "WebApi20\WebApi20.csproj", "{E38FBB83-B389-4EA3-8EA1-01BAFB5A63E2}"
EndProject
Global
	GlobalSection(SolutionConfigurationPlatforms) = preSolution
		Debug|Any CPU = Debug|Any CPU
		Release|Any CPU = Release|Any CPU
	EndGlobalSection
	GlobalSection(ProjectConfigurationPlatforms) = postSolution
		{E38FBB83-B389-4EA3-8EA1-01BAFB5A63E2}.Debug|Any CPU.ActiveCfg = Debug|Any CPU
		{E38FBB83-B389-4EA3-8EA1-01BAFB5A63E2}.Debug|Any CPU.Build.0 = Debug|Any CPU
		{E38FBB83-B389-4EA3-8EA1-01BAFB5A63E2}.Release|Any CPU.ActiveCfg = Release|Any CPU
		{E38FBB83-B389-4EA3-8EA1-01BAFB5A63E2}.Release|Any CPU.Build.0 = Release|Any CPU
	EndGlobalSection
	GlobalSection(SolutionProperties) = preSolution
		HideSolutionNode = FALSE
	EndGlobalSection
	GlobalSection(ExtensibilityGlobals) = postSolution
		SolutionGuid = {92754FA5-2DAA-46EB-8F85-85E58ED99124}
	EndGlobalSection
EndGlobal
