
Microsoft Visual Studio Solution File, Format Version 12.00
# Visual Studio Version 16
VisualStudioVersion = 16.0.32602.291
MinimumVisualStudioVersion = 10.0.40219.1
Project("{FAE04EC0-301F-11D3-BF4B-00C04F79EFBC}") = "WinUIApp1", "WinUIApp1\WinUIApp1.csproj", "{DB54E9FC-7A29-43C3-91F1-46CB4C335EEB}"
EndProject
Global
	GlobalSection(SolutionConfigurationPlatforms) = preSolution
		Debug|arm64 = Debug|arm64
		Debug|x64 = Debug|x64
		Debug|x86 = Debug|x86
		Release|arm64 = Release|arm64
		Release|x64 = Release|x64
		Release|x86 = Release|x86
	EndGlobalSection
	GlobalSection(ProjectConfigurationPlatforms) = postSolution
		{DB54E9FC-7A29-43C3-91F1-46CB4C335EEB}.Debug|arm64.ActiveCfg = Debug|arm64
		{DB54E9FC-7A29-43C3-91F1-46CB4C335EEB}.Debug|arm64.Build.0 = Debug|arm64
		{DB54E9FC-7A29-43C3-91F1-46CB4C335EEB}.Debug|arm64.Deploy.0 = Debug|arm64
		{DB54E9FC-7A29-43C3-91F1-46CB4C335EEB}.Debug|x64.ActiveCfg = Debug|x64
		{DB54E9FC-7A29-43C3-91F1-46CB4C335EEB}.Debug|x64.Build.0 = Debug|x64
		{DB54E9FC-7A29-43C3-91F1-46CB4C335EEB}.Debug|x64.Deploy.0 = Debug|x64
		{DB54E9FC-7A29-43C3-91F1-46CB4C335EEB}.Debug|x86.ActiveCfg = Debug|x86
		{DB54E9FC-7A29-43C3-91F1-46CB4C335EEB}.Debug|x86.Build.0 = Debug|x86
		{DB54E9FC-7A29-43C3-91F1-46CB4C335EEB}.Debug|x86.Deploy.0 = Debug|x86
		{DB54E9FC-7A29-43C3-91F1-46CB4C335EEB}.Release|arm64.ActiveCfg = Release|arm64
		{DB54E9FC-7A29-43C3-91F1-46CB4C335EEB}.Release|arm64.Build.0 = Release|arm64
		{DB54E9FC-7A29-43C3-91F1-46CB4C335EEB}.Release|arm64.Deploy.0 = Release|arm64
		{DB54E9FC-7A29-43C3-91F1-46CB4C335EEB}.Release|x64.ActiveCfg = Release|x64
		{DB54E9FC-7A29-43C3-91F1-46CB4C335EEB}.Release|x64.Build.0 = Release|x64
		{DB54E9FC-7A29-43C3-91F1-46CB4C335EEB}.Release|x64.Deploy.0 = Release|x64
		{DB54E9FC-7A29-43C3-91F1-46CB4C335EEB}.Release|x86.ActiveCfg = Release|x86
		{DB54E9FC-7A29-43C3-91F1-46CB4C335EEB}.Release|x86.Build.0 = Release|x86
		{DB54E9FC-7A29-43C3-91F1-46CB4C335EEB}.Release|x86.Deploy.0 = Release|x86
	EndGlobalSection
	GlobalSection(SolutionProperties) = preSolution
		HideSolutionNode = FALSE
	EndGlobalSection
	GlobalSection(ExtensibilityGlobals) = postSolution
		SolutionGuid = {C6C29AE9-E786-4BA9-AD80-2D194A6957B6}
	EndGlobalSection
EndGlobal
