
Microsoft Visual Studio Solution File, Format Version 12.00
# Visual Studio 15
VisualStudioVersion = 15.0.26730.3
MinimumVisualStudioVersion = 10.0.40219.1
Project("{FAE04EC0-301F-11D3-BF4B-00C04F79EFBC}") = "ConsoleApp20", "ConsoleApp20\ConsoleApp20.csproj", "{7E0A235F-C26D-46C6-AA31-2FB709DA47BE}"
EndProject
Global
	GlobalSection(SolutionConfigurationPlatforms) = preSolution
		Debug|Any CPU = Debug|Any CPU
		Release|Any CPU = Release|Any CPU
	EndGlobalSection
	GlobalSection(ProjectConfigurationPlatforms) = postSolution
		{7E0A235F-C26D-46C6-AA31-2FB709DA47BE}.Debug|Any CPU.ActiveCfg = Debug|Any CPU
		{7E0A235F-C26D-46C6-AA31-2FB709DA47BE}.Debug|Any CPU.Build.0 = Debug|Any CPU
		{7E0A235F-C26D-46C6-AA31-2FB709DA47BE}.Release|Any CPU.ActiveCfg = Release|Any CPU
		{7E0A235F-C26D-46C6-AA31-2FB709DA47BE}.Release|Any CPU.Build.0 = Release|Any CPU
	EndGlobalSection
	GlobalSection(SolutionProperties) = preSolution
		HideSolutionNode = FALSE
	EndGlobalSection
	GlobalSection(ExtensibilityGlobals) = postSolution
		SolutionGuid = {31E16ECA-8A28-4ABA-97CF-41B0A1F4BC52}
	EndGlobalSection
EndGlobal
