
Microsoft Visual Studio Solution File, Format Version 12.00
# Visual Studio 15
VisualStudioVersion = 15.0.26730.3
MinimumVisualStudioVersion = 10.0.40219.1
Project("{D954291E-2A0B-460D-934E-DC6B0785DB48}") = "App_Xamarin_Shared", "App_Xamarin_Shared\App_Xamarin_Shared\App_Xamarin_Shared.shproj", "{636A04AA-B647-47CF-8F23-F8A93358CF3A}"
EndProject
Project("{FAE04EC0-301F-11D3-BF4B-00C04F79EFBC}") = "App_Xamarin_Shared.Android", "App_Xamarin_Shared\App_Xamarin_Shared.Android\App_Xamarin_Shared.Android.csproj", "{EB252B98-FC90-4B0A-962F-1D098E772724}"
EndProject
Project("{FAE04EC0-301F-11D3-BF4B-00C04F79EFBC}") = "App_Xamarin_Shared.iOS", "App_Xamarin_Shared\App_Xamarin_Shared.iOS\App_Xamarin_Shared.iOS.csproj", "{F9BE68F1-316D-480A-BCC7-E08372726D6B}"
EndProject
Project("{FAE04EC0-301F-11D3-BF4B-00C04F79EFBC}") = "App_Xamarin_Shared.UWP", "App_Xamarin_Shared\App_Xamarin_Shared.UWP\App_Xamarin_Shared.UWP.csproj", "{7A3FAED3-0262-4655-B92C-250296E74F37}"
EndProject
Global
	GlobalSection(SharedMSBuildProjectFiles) = preSolution
		App_Xamarin_Shared\App_Xamarin_Shared\App_Xamarin_Shared.projitems*{636a04aa-b647-47cf-8f23-f8a93358cf3a}*SharedItemsImports = 13
		App_Xamarin_Shared\App_Xamarin_Shared\App_Xamarin_Shared.projitems*{7a3faed3-0262-4655-b92c-250296e74f37}*SharedItemsImports = 4
		App_Xamarin_Shared\App_Xamarin_Shared\App_Xamarin_Shared.projitems*{eb252b98-fc90-4b0a-962f-1d098e772724}*SharedItemsImports = 4
		App_Xamarin_Shared\App_Xamarin_Shared\App_Xamarin_Shared.projitems*{f9be68f1-316d-480a-bcc7-e08372726d6b}*SharedItemsImports = 4
	EndGlobalSection
	GlobalSection(SolutionConfigurationPlatforms) = preSolution
		Ad-Hoc|Any CPU = Ad-Hoc|Any CPU
		Ad-Hoc|ARM = Ad-Hoc|ARM
		Ad-Hoc|iPhone = Ad-Hoc|iPhone
		Ad-Hoc|iPhoneSimulator = Ad-Hoc|iPhoneSimulator
		Ad-Hoc|x64 = Ad-Hoc|x64
		Ad-Hoc|x86 = Ad-Hoc|x86
		AppStore|Any CPU = AppStore|Any CPU
		AppStore|ARM = AppStore|ARM
		AppStore|iPhone = AppStore|iPhone
		AppStore|iPhoneSimulator = AppStore|iPhoneSimulator
		AppStore|x64 = AppStore|x64
		AppStore|x86 = AppStore|x86
		Debug|Any CPU = Debug|Any CPU
		Debug|ARM = Debug|ARM
		Debug|iPhone = Debug|iPhone
		Debug|iPhoneSimulator = Debug|iPhoneSimulator
		Debug|x64 = Debug|x64
		Debug|x86 = Debug|x86
		Release|Any CPU = Release|Any CPU
		Release|ARM = Release|ARM
		Release|iPhone = Release|iPhone
		Release|iPhoneSimulator = Release|iPhoneSimulator
		Release|x64 = Release|x64
		Release|x86 = Release|x86
	EndGlobalSection
	GlobalSection(ProjectConfigurationPlatforms) = postSolution
		{EB252B98-FC90-4B0A-962F-1D098E772724}.Ad-Hoc|Any CPU.ActiveCfg = Release|Any CPU
		{EB252B98-FC90-4B0A-962F-1D098E772724}.Ad-Hoc|Any CPU.Build.0 = Release|Any CPU
		{EB252B98-FC90-4B0A-962F-1D098E772724}.Ad-Hoc|Any CPU.Deploy.0 = Release|Any CPU
		{EB252B98-FC90-4B0A-962F-1D098E772724}.Ad-Hoc|ARM.ActiveCfg = Release|Any CPU
		{EB252B98-FC90-4B0A-962F-1D098E772724}.Ad-Hoc|ARM.Build.0 = Release|Any CPU
		{EB252B98-FC90-4B0A-962F-1D098E772724}.Ad-Hoc|ARM.Deploy.0 = Release|Any CPU
		{EB252B98-FC90-4B0A-962F-1D098E772724}.Ad-Hoc|iPhone.ActiveCfg = Release|Any CPU
		{EB252B98-FC90-4B0A-962F-1D098E772724}.Ad-Hoc|iPhone.Build.0 = Release|Any CPU
		{EB252B98-FC90-4B0A-962F-1D098E772724}.Ad-Hoc|iPhone.Deploy.0 = Release|Any CPU
		{EB252B98-FC90-4B0A-962F-1D098E772724}.Ad-Hoc|iPhoneSimulator.ActiveCfg = Release|Any CPU
		{EB252B98-FC90-4B0A-962F-1D098E772724}.Ad-Hoc|iPhoneSimulator.Build.0 = Release|Any CPU
		{EB252B98-FC90-4B0A-962F-1D098E772724}.Ad-Hoc|iPhoneSimulator.Deploy.0 = Release|Any CPU
		{EB252B98-FC90-4B0A-962F-1D098E772724}.Ad-Hoc|x64.ActiveCfg = Release|Any CPU
		{EB252B98-FC90-4B0A-962F-1D098E772724}.Ad-Hoc|x64.Build.0 = Release|Any CPU
		{EB252B98-FC90-4B0A-962F-1D098E772724}.Ad-Hoc|x64.Deploy.0 = Release|Any CPU
		{EB252B98-FC90-4B0A-962F-1D098E772724}.Ad-Hoc|x86.ActiveCfg = Release|Any CPU
		{EB252B98-FC90-4B0A-962F-1D098E772724}.Ad-Hoc|x86.Build.0 = Release|Any CPU
		{EB252B98-FC90-4B0A-962F-1D098E772724}.Ad-Hoc|x86.Deploy.0 = Release|Any CPU
		{EB252B98-FC90-4B0A-962F-1D098E772724}.AppStore|Any CPU.ActiveCfg = Release|Any CPU
		{EB252B98-FC90-4B0A-962F-1D098E772724}.AppStore|Any CPU.Build.0 = Release|Any CPU
		{EB252B98-FC90-4B0A-962F-1D098E772724}.AppStore|Any CPU.Deploy.0 = Release|Any CPU
		{EB252B98-FC90-4B0A-962F-1D098E772724}.AppStore|ARM.ActiveCfg = Release|Any CPU
		{EB252B98-FC90-4B0A-962F-1D098E772724}.AppStore|ARM.Build.0 = Release|Any CPU
		{EB252B98-FC90-4B0A-962F-1D098E772724}.AppStore|ARM.Deploy.0 = Release|Any CPU
		{EB252B98-FC90-4B0A-962F-1D098E772724}.AppStore|iPhone.ActiveCfg = Release|Any CPU
		{EB252B98-FC90-4B0A-962F-1D098E772724}.AppStore|iPhone.Build.0 = Release|Any CPU
		{EB252B98-FC90-4B0A-962F-1D098E772724}.AppStore|iPhone.Deploy.0 = Release|Any CPU
		{EB252B98-FC90-4B0A-962F-1D098E772724}.AppStore|iPhoneSimulator.ActiveCfg = Release|Any CPU
		{EB252B98-FC90-4B0A-962F-1D098E772724}.AppStore|iPhoneSimulator.Build.0 = Release|Any CPU
		{EB252B98-FC90-4B0A-962F-1D098E772724}.AppStore|iPhoneSimulator.Deploy.0 = Release|Any CPU
		{EB252B98-FC90-4B0A-962F-1D098E772724}.AppStore|x64.ActiveCfg = Release|Any CPU
		{EB252B98-FC90-4B0A-962F-1D098E772724}.AppStore|x64.Build.0 = Release|Any CPU
		{EB252B98-FC90-4B0A-962F-1D098E772724}.AppStore|x64.Deploy.0 = Release|Any CPU
		{EB252B98-FC90-4B0A-962F-1D098E772724}.AppStore|x86.ActiveCfg = Release|Any CPU
		{EB252B98-FC90-4B0A-962F-1D098E772724}.AppStore|x86.Build.0 = Release|Any CPU
		{EB252B98-FC90-4B0A-962F-1D098E772724}.AppStore|x86.Deploy.0 = Release|Any CPU
		{EB252B98-FC90-4B0A-962F-1D098E772724}.Debug|Any CPU.ActiveCfg = Debug|Any CPU
		{EB252B98-FC90-4B0A-962F-1D098E772724}.Debug|Any CPU.Build.0 = Debug|Any CPU
		{EB252B98-FC90-4B0A-962F-1D098E772724}.Debug|Any CPU.Deploy.0 = Debug|Any CPU
		{EB252B98-FC90-4B0A-962F-1D098E772724}.Debug|ARM.ActiveCfg = Debug|Any CPU
		{EB252B98-FC90-4B0A-962F-1D098E772724}.Debug|ARM.Build.0 = Debug|Any CPU
		{EB252B98-FC90-4B0A-962F-1D098E772724}.Debug|ARM.Deploy.0 = Debug|Any CPU
		{EB252B98-FC90-4B0A-962F-1D098E772724}.Debug|iPhone.ActiveCfg = Debug|Any CPU
		{EB252B98-FC90-4B0A-962F-1D098E772724}.Debug|iPhone.Build.0 = Debug|Any CPU
		{EB252B98-FC90-4B0A-962F-1D098E772724}.Debug|iPhone.Deploy.0 = Debug|Any CPU
		{EB252B98-FC90-4B0A-962F-1D098E772724}.Debug|iPhoneSimulator.ActiveCfg = Debug|Any CPU
		{EB252B98-FC90-4B0A-962F-1D098E772724}.Debug|iPhoneSimulator.Build.0 = Debug|Any CPU
		{EB252B98-FC90-4B0A-962F-1D098E772724}.Debug|iPhoneSimulator.Deploy.0 = Debug|Any CPU
		{EB252B98-FC90-4B0A-962F-1D098E772724}.Debug|x64.ActiveCfg = Debug|Any CPU
		{EB252B98-FC90-4B0A-962F-1D098E772724}.Debug|x64.Build.0 = Debug|Any CPU
		{EB252B98-FC90-4B0A-962F-1D098E772724}.Debug|x64.Deploy.0 = Debug|Any CPU
		{EB252B98-FC90-4B0A-962F-1D098E772724}.Debug|x86.ActiveCfg = Debug|Any CPU
		{EB252B98-FC90-4B0A-962F-1D098E772724}.Debug|x86.Build.0 = Debug|Any CPU
		{EB252B98-FC90-4B0A-962F-1D098E772724}.Debug|x86.Deploy.0 = Debug|Any CPU
		{EB252B98-FC90-4B0A-962F-1D098E772724}.Release|Any CPU.ActiveCfg = Release|Any CPU
		{EB252B98-FC90-4B0A-962F-1D098E772724}.Release|Any CPU.Build.0 = Release|Any CPU
		{EB252B98-FC90-4B0A-962F-1D098E772724}.Release|Any CPU.Deploy.0 = Release|Any CPU
		{EB252B98-FC90-4B0A-962F-1D098E772724}.Release|ARM.ActiveCfg = Release|Any CPU
		{EB252B98-FC90-4B0A-962F-1D098E772724}.Release|ARM.Build.0 = Release|Any CPU
		{EB252B98-FC90-4B0A-962F-1D098E772724}.Release|ARM.Deploy.0 = Release|Any CPU
		{EB252B98-FC90-4B0A-962F-1D098E772724}.Release|iPhone.ActiveCfg = Release|Any CPU
		{EB252B98-FC90-4B0A-962F-1D098E772724}.Release|iPhone.Build.0 = Release|Any CPU
		{EB252B98-FC90-4B0A-962F-1D098E772724}.Release|iPhone.Deploy.0 = Release|Any CPU
		{EB252B98-FC90-4B0A-962F-1D098E772724}.Release|iPhoneSimulator.ActiveCfg = Release|Any CPU
		{EB252B98-FC90-4B0A-962F-1D098E772724}.Release|iPhoneSimulator.Build.0 = Release|Any CPU
		{EB252B98-FC90-4B0A-962F-1D098E772724}.Release|iPhoneSimulator.Deploy.0 = Release|Any CPU
		{EB252B98-FC90-4B0A-962F-1D098E772724}.Release|x64.ActiveCfg = Release|Any CPU
		{EB252B98-FC90-4B0A-962F-1D098E772724}.Release|x64.Build.0 = Release|Any CPU
		{EB252B98-FC90-4B0A-962F-1D098E772724}.Release|x64.Deploy.0 = Release|Any CPU
		{EB252B98-FC90-4B0A-962F-1D098E772724}.Release|x86.ActiveCfg = Release|Any CPU
		{EB252B98-FC90-4B0A-962F-1D098E772724}.Release|x86.Build.0 = Release|Any CPU
		{EB252B98-FC90-4B0A-962F-1D098E772724}.Release|x86.Deploy.0 = Release|Any CPU
		{F9BE68F1-316D-480A-BCC7-E08372726D6B}.Ad-Hoc|Any CPU.ActiveCfg = Ad-Hoc|iPhone
		{F9BE68F1-316D-480A-BCC7-E08372726D6B}.Ad-Hoc|ARM.ActiveCfg = Ad-Hoc|iPhone
		{F9BE68F1-316D-480A-BCC7-E08372726D6B}.Ad-Hoc|iPhone.ActiveCfg = Ad-Hoc|iPhone
		{F9BE68F1-316D-480A-BCC7-E08372726D6B}.Ad-Hoc|iPhone.Build.0 = Ad-Hoc|iPhone
		{F9BE68F1-316D-480A-BCC7-E08372726D6B}.Ad-Hoc|iPhoneSimulator.ActiveCfg = Ad-Hoc|iPhoneSimulator
		{F9BE68F1-316D-480A-BCC7-E08372726D6B}.Ad-Hoc|iPhoneSimulator.Build.0 = Ad-Hoc|iPhoneSimulator
		{F9BE68F1-316D-480A-BCC7-E08372726D6B}.Ad-Hoc|x64.ActiveCfg = Ad-Hoc|iPhone
		{F9BE68F1-316D-480A-BCC7-E08372726D6B}.Ad-Hoc|x86.ActiveCfg = Ad-Hoc|iPhone
		{F9BE68F1-316D-480A-BCC7-E08372726D6B}.AppStore|Any CPU.ActiveCfg = AppStore|iPhone
		{F9BE68F1-316D-480A-BCC7-E08372726D6B}.AppStore|ARM.ActiveCfg = AppStore|iPhone
		{F9BE68F1-316D-480A-BCC7-E08372726D6B}.AppStore|iPhone.ActiveCfg = AppStore|iPhone
		{F9BE68F1-316D-480A-BCC7-E08372726D6B}.AppStore|iPhone.Build.0 = AppStore|iPhone
		{F9BE68F1-316D-480A-BCC7-E08372726D6B}.AppStore|iPhoneSimulator.ActiveCfg = AppStore|iPhoneSimulator
		{F9BE68F1-316D-480A-BCC7-E08372726D6B}.AppStore|iPhoneSimulator.Build.0 = AppStore|iPhoneSimulator
		{F9BE68F1-316D-480A-BCC7-E08372726D6B}.AppStore|x64.ActiveCfg = AppStore|iPhone
		{F9BE68F1-316D-480A-BCC7-E08372726D6B}.AppStore|x86.ActiveCfg = AppStore|iPhone
		{F9BE68F1-316D-480A-BCC7-E08372726D6B}.Debug|Any CPU.ActiveCfg = Debug|iPhone
		{F9BE68F1-316D-480A-BCC7-E08372726D6B}.Debug|ARM.ActiveCfg = Debug|iPhone
		{F9BE68F1-316D-480A-BCC7-E08372726D6B}.Debug|iPhone.ActiveCfg = Debug|iPhone
		{F9BE68F1-316D-480A-BCC7-E08372726D6B}.Debug|iPhone.Build.0 = Debug|iPhone
		{F9BE68F1-316D-480A-BCC7-E08372726D6B}.Debug|iPhoneSimulator.ActiveCfg = Debug|iPhoneSimulator
		{F9BE68F1-316D-480A-BCC7-E08372726D6B}.Debug|iPhoneSimulator.Build.0 = Debug|iPhoneSimulator
		{F9BE68F1-316D-480A-BCC7-E08372726D6B}.Debug|x64.ActiveCfg = Debug|iPhone
		{F9BE68F1-316D-480A-BCC7-E08372726D6B}.Debug|x86.ActiveCfg = Debug|iPhone
		{F9BE68F1-316D-480A-BCC7-E08372726D6B}.Release|Any CPU.ActiveCfg = Release|iPhone
		{F9BE68F1-316D-480A-BCC7-E08372726D6B}.Release|ARM.ActiveCfg = Release|iPhone
		{F9BE68F1-316D-480A-BCC7-E08372726D6B}.Release|iPhone.ActiveCfg = Release|iPhone
		{F9BE68F1-316D-480A-BCC7-E08372726D6B}.Release|iPhone.Build.0 = Release|iPhone
		{F9BE68F1-316D-480A-BCC7-E08372726D6B}.Release|iPhoneSimulator.ActiveCfg = Release|iPhoneSimulator
		{F9BE68F1-316D-480A-BCC7-E08372726D6B}.Release|iPhoneSimulator.Build.0 = Release|iPhoneSimulator
		{F9BE68F1-316D-480A-BCC7-E08372726D6B}.Release|x64.ActiveCfg = Release|iPhone
		{F9BE68F1-316D-480A-BCC7-E08372726D6B}.Release|x86.ActiveCfg = Release|iPhone
		{7A3FAED3-0262-4655-B92C-250296E74F37}.Ad-Hoc|Any CPU.ActiveCfg = Release|x86
		{7A3FAED3-0262-4655-B92C-250296E74F37}.Ad-Hoc|Any CPU.Build.0 = Release|x86
		{7A3FAED3-0262-4655-B92C-250296E74F37}.Ad-Hoc|Any CPU.Deploy.0 = Release|x86
		{7A3FAED3-0262-4655-B92C-250296E74F37}.Ad-Hoc|ARM.ActiveCfg = Release|ARM
		{7A3FAED3-0262-4655-B92C-250296E74F37}.Ad-Hoc|ARM.Build.0 = Release|ARM
		{7A3FAED3-0262-4655-B92C-250296E74F37}.Ad-Hoc|ARM.Deploy.0 = Release|ARM
		{7A3FAED3-0262-4655-B92C-250296E74F37}.Ad-Hoc|iPhone.ActiveCfg = Release|x86
		{7A3FAED3-0262-4655-B92C-250296E74F37}.Ad-Hoc|iPhone.Build.0 = Release|x86
		{7A3FAED3-0262-4655-B92C-250296E74F37}.Ad-Hoc|iPhone.Deploy.0 = Release|x86
		{7A3FAED3-0262-4655-B92C-250296E74F37}.Ad-Hoc|iPhoneSimulator.ActiveCfg = Release|x86
		{7A3FAED3-0262-4655-B92C-250296E74F37}.Ad-Hoc|iPhoneSimulator.Build.0 = Release|x86
		{7A3FAED3-0262-4655-B92C-250296E74F37}.Ad-Hoc|iPhoneSimulator.Deploy.0 = Release|x86
		{7A3FAED3-0262-4655-B92C-250296E74F37}.Ad-Hoc|x64.ActiveCfg = Release|x64
		{7A3FAED3-0262-4655-B92C-250296E74F37}.Ad-Hoc|x64.Build.0 = Release|x64
		{7A3FAED3-0262-4655-B92C-250296E74F37}.Ad-Hoc|x64.Deploy.0 = Release|x64
		{7A3FAED3-0262-4655-B92C-250296E74F37}.Ad-Hoc|x86.ActiveCfg = Release|x86
		{7A3FAED3-0262-4655-B92C-250296E74F37}.Ad-Hoc|x86.Build.0 = Release|x86
		{7A3FAED3-0262-4655-B92C-250296E74F37}.Ad-Hoc|x86.Deploy.0 = Release|x86
		{7A3FAED3-0262-4655-B92C-250296E74F37}.AppStore|Any CPU.ActiveCfg = Release|x86
		{7A3FAED3-0262-4655-B92C-250296E74F37}.AppStore|Any CPU.Build.0 = Release|x86
		{7A3FAED3-0262-4655-B92C-250296E74F37}.AppStore|Any CPU.Deploy.0 = Release|x86
		{7A3FAED3-0262-4655-B92C-250296E74F37}.AppStore|ARM.ActiveCfg = Release|ARM
		{7A3FAED3-0262-4655-B92C-250296E74F37}.AppStore|ARM.Build.0 = Release|ARM
		{7A3FAED3-0262-4655-B92C-250296E74F37}.AppStore|ARM.Deploy.0 = Release|ARM
		{7A3FAED3-0262-4655-B92C-250296E74F37}.AppStore|iPhone.ActiveCfg = Release|x86
		{7A3FAED3-0262-4655-B92C-250296E74F37}.AppStore|iPhone.Build.0 = Release|x86
		{7A3FAED3-0262-4655-B92C-250296E74F37}.AppStore|iPhone.Deploy.0 = Release|x86
		{7A3FAED3-0262-4655-B92C-250296E74F37}.AppStore|iPhoneSimulator.ActiveCfg = Release|x86
		{7A3FAED3-0262-4655-B92C-250296E74F37}.AppStore|iPhoneSimulator.Build.0 = Release|x86
		{7A3FAED3-0262-4655-B92C-250296E74F37}.AppStore|iPhoneSimulator.Deploy.0 = Release|x86
		{7A3FAED3-0262-4655-B92C-250296E74F37}.AppStore|x64.ActiveCfg = Release|x64
		{7A3FAED3-0262-4655-B92C-250296E74F37}.AppStore|x64.Build.0 = Release|x64
		{7A3FAED3-0262-4655-B92C-250296E74F37}.AppStore|x64.Deploy.0 = Release|x64
		{7A3FAED3-0262-4655-B92C-250296E74F37}.AppStore|x86.ActiveCfg = Release|x86
		{7A3FAED3-0262-4655-B92C-250296E74F37}.AppStore|x86.Build.0 = Release|x86
		{7A3FAED3-0262-4655-B92C-250296E74F37}.AppStore|x86.Deploy.0 = Release|x86
		{7A3FAED3-0262-4655-B92C-250296E74F37}.Debug|Any CPU.ActiveCfg = Debug|x86
		{7A3FAED3-0262-4655-B92C-250296E74F37}.Debug|ARM.ActiveCfg = Debug|ARM
		{7A3FAED3-0262-4655-B92C-250296E74F37}.Debug|ARM.Build.0 = Debug|ARM
		{7A3FAED3-0262-4655-B92C-250296E74F37}.Debug|ARM.Deploy.0 = Debug|ARM
		{7A3FAED3-0262-4655-B92C-250296E74F37}.Debug|iPhone.ActiveCfg = Debug|x86
		{7A3FAED3-0262-4655-B92C-250296E74F37}.Debug|iPhoneSimulator.ActiveCfg = Debug|x86
		{7A3FAED3-0262-4655-B92C-250296E74F37}.Debug|x64.ActiveCfg = Debug|x64
		{7A3FAED3-0262-4655-B92C-250296E74F37}.Debug|x64.Build.0 = Debug|x64
		{7A3FAED3-0262-4655-B92C-250296E74F37}.Debug|x64.Deploy.0 = Debug|x64
		{7A3FAED3-0262-4655-B92C-250296E74F37}.Debug|x86.ActiveCfg = Debug|x86
		{7A3FAED3-0262-4655-B92C-250296E74F37}.Debug|x86.Build.0 = Debug|x86
		{7A3FAED3-0262-4655-B92C-250296E74F37}.Debug|x86.Deploy.0 = Debug|x86
		{7A3FAED3-0262-4655-B92C-250296E74F37}.Release|Any CPU.ActiveCfg = Release|x86
		{7A3FAED3-0262-4655-B92C-250296E74F37}.Release|ARM.ActiveCfg = Release|ARM
		{7A3FAED3-0262-4655-B92C-250296E74F37}.Release|ARM.Build.0 = Release|ARM
		{7A3FAED3-0262-4655-B92C-250296E74F37}.Release|ARM.Deploy.0 = Release|ARM
		{7A3FAED3-0262-4655-B92C-250296E74F37}.Release|iPhone.ActiveCfg = Release|x86
		{7A3FAED3-0262-4655-B92C-250296E74F37}.Release|iPhoneSimulator.ActiveCfg = Release|x86
		{7A3FAED3-0262-4655-B92C-250296E74F37}.Release|x64.ActiveCfg = Release|x64
		{7A3FAED3-0262-4655-B92C-250296E74F37}.Release|x64.Build.0 = Release|x64
		{7A3FAED3-0262-4655-B92C-250296E74F37}.Release|x64.Deploy.0 = Release|x64
		{7A3FAED3-0262-4655-B92C-250296E74F37}.Release|x86.ActiveCfg = Release|x86
		{7A3FAED3-0262-4655-B92C-250296E74F37}.Release|x86.Build.0 = Release|x86
		{7A3FAED3-0262-4655-B92C-250296E74F37}.Release|x86.Deploy.0 = Release|x86
	EndGlobalSection
	GlobalSection(SolutionProperties) = preSolution
		HideSolutionNode = FALSE
	EndGlobalSection
	GlobalSection(ExtensibilityGlobals) = postSolution
		SolutionGuid = {F0FB8817-DD7B-41D3-BA74-5A12BB7B79B2}
	EndGlobalSection
EndGlobal
