
Microsoft Visual Studio Solution File, Format Version 10.00
# Visual Studio 2008
Project("{FAE04EC0-301F-11D3-BF4B-00C04F79EFBC}") = "ClassLibrary1", "ClassLibrary1\ClassLibrary1.csproj", "{A475D555-B2B6-4940-84CE-A9D3EDB21C1D}"
EndProject
Global
	GlobalSection(SolutionConfigurationPlatforms) = preSolution
		Debug|Any CPU = Debug|Any CPU
		Release|Any CPU = Release|Any CPU
	EndGlobalSection
	GlobalSection(ProjectConfigurationPlatforms) = postSolution
		{A475D555-B2B6-4940-84CE-A9D3EDB21C1D}.Debug|Any CPU.ActiveCfg = Debug|Any CPU
		{A475D555-B2B6-4940-84CE-A9D3EDB21C1D}.Debug|Any CPU.Build.0 = Debug|Any CPU
		{A475D555-B2B6-4940-84CE-A9D3EDB21C1D}.Release|Any CPU.ActiveCfg = Release|Any CPU
		{A475D555-B2B6-4940-84CE-A9D3EDB21C1D}.Release|Any CPU.Build.0 = Release|Any CPU
	EndGlobalSection
	GlobalSection(SolutionProperties) = preSolution
		HideSolutionNode = FALSE
	EndGlobalSection
EndGlobal
