
Microsoft Visual Studio Solution File, Format Version 12.00
# Visual Studio Version 16
VisualStudioVersion = 16.0.32106.194
MinimumVisualStudioVersion = 10.0.40219.1
Project("{9A19103F-16F7-4668-BE54-9A1E7A4F7556}") = "ConsoleAppNet5UseStd20", "ConsoleAppNet5UseStd20\ConsoleAppNet5UseStd20.csproj", "{664397BC-225C-4EC8-A8F8-3F5E4F1BE009}"
EndProject
Project("{9A19103F-16F7-4668-BE54-9A1E7A4F7556}") = "TestReadonlyLib", "TestReadonlyLib\TestReadonlyLib.csproj", "{43E4E0F5-0A89-4020-AE6E-B84BB323813B}"
EndProject
Project("{D954291E-2A0B-460D-934E-DC6B0785DB48}") = "LibSysInfo", "..\..\..\common\LibSysInfo\LibSysInfo.shproj", "{F7EA000D-2B0E-4179-A812-0098F671D919}"
EndProject
Global
	GlobalSection(SharedMSBuildProjectFiles) = preSolution
		..\..\..\common\LibSysInfo\LibSysInfo.projitems*{664397bc-225c-4ec8-a8f8-3f5e4f1be009}*SharedItemsImports = 5
		..\..\..\common\LibSysInfo\LibSysInfo.projitems*{f7ea000d-2b0e-4179-a812-0098f671d919}*SharedItemsImports = 13
	EndGlobalSection
	GlobalSection(SolutionConfigurationPlatforms) = preSolution
		Debug|Any CPU = Debug|Any CPU
		Release|Any CPU = Release|Any CPU
	EndGlobalSection
	GlobalSection(ProjectConfigurationPlatforms) = postSolution
		{664397BC-225C-4EC8-A8F8-3F5E4F1BE009}.Debug|Any CPU.ActiveCfg = Debug|Any CPU
		{664397BC-225C-4EC8-A8F8-3F5E4F1BE009}.Debug|Any CPU.Build.0 = Debug|Any CPU
		{664397BC-225C-4EC8-A8F8-3F5E4F1BE009}.Release|Any CPU.ActiveCfg = Release|Any CPU
		{664397BC-225C-4EC8-A8F8-3F5E4F1BE009}.Release|Any CPU.Build.0 = Release|Any CPU
		{43E4E0F5-0A89-4020-AE6E-B84BB323813B}.Debug|Any CPU.ActiveCfg = Debug|Any CPU
		{43E4E0F5-0A89-4020-AE6E-B84BB323813B}.Debug|Any CPU.Build.0 = Debug|Any CPU
		{43E4E0F5-0A89-4020-AE6E-B84BB323813B}.Release|Any CPU.ActiveCfg = Release|Any CPU
		{43E4E0F5-0A89-4020-AE6E-B84BB323813B}.Release|Any CPU.Build.0 = Release|Any CPU
	EndGlobalSection
	GlobalSection(SolutionProperties) = preSolution
		HideSolutionNode = FALSE
	EndGlobalSection
	GlobalSection(ExtensibilityGlobals) = postSolution
		SolutionGuid = {F514BDFE-C00B-43C6-A468-B4EE6689518B}
	EndGlobalSection
EndGlobal
