
Microsoft Visual Studio Solution File, Format Version 12.00
# Visual Studio Version 16
VisualStudioVersion = 16.0.28803.352
MinimumVisualStudioVersion = 10.0.40219.1
Project("{FAE04EC0-301F-11D3-BF4B-00C04F79EFBC}") = "WebRazor22", "WebRazor22\WebRazor22.csproj", "{CA1BFE5C-90B1-454D-9196-EFB7D348B3A4}"
EndProject
Project("{FAE04EC0-301F-11D3-BF4B-00C04F79EFBC}") = "RazorLib", "RazorLib\RazorLib.csproj", "{6A0A893E-C7AE-4C9D-BD5B-AF00B2914D91}"
EndProject
Global
	GlobalSection(SolutionConfigurationPlatforms) = preSolution
		Debug|Any CPU = Debug|Any CPU
		Release|Any CPU = Release|Any CPU
	EndGlobalSection
	GlobalSection(ProjectConfigurationPlatforms) = postSolution
		{CA1BFE5C-90B1-454D-9196-EFB7D348B3A4}.Debug|Any CPU.ActiveCfg = Debug|Any CPU
		{CA1BFE5C-90B1-454D-9196-EFB7D348B3A4}.Debug|Any CPU.Build.0 = Debug|Any CPU
		{CA1BFE5C-90B1-454D-9196-EFB7D348B3A4}.Release|Any CPU.ActiveCfg = Release|Any CPU
		{CA1BFE5C-90B1-454D-9196-EFB7D348B3A4}.Release|Any CPU.Build.0 = Release|Any CPU
		{6A0A893E-C7AE-4C9D-BD5B-AF00B2914D91}.Debug|Any CPU.ActiveCfg = Debug|Any CPU
		{6A0A893E-C7AE-4C9D-BD5B-AF00B2914D91}.Debug|Any CPU.Build.0 = Debug|Any CPU
		{6A0A893E-C7AE-4C9D-BD5B-AF00B2914D91}.Release|Any CPU.ActiveCfg = Release|Any CPU
		{6A0A893E-C7AE-4C9D-BD5B-AF00B2914D91}.Release|Any CPU.Build.0 = Release|Any CPU
	EndGlobalSection
	GlobalSection(SolutionProperties) = preSolution
		HideSolutionNode = FALSE
	EndGlobalSection
	GlobalSection(ExtensibilityGlobals) = postSolution
		SolutionGuid = {A080C182-AB2A-4D80-BCFC-72AC803A4774}
	EndGlobalSection
EndGlobal
